
Microsoft Visual Studio Solution File, Format Version 12.00
# Visual Studio Version 17
VisualStudioVersion = 17.0.31903.59
MinimumVisualStudioVersion = 10.0.40219.1
Project("{9A19103F-16F7-4668-BE54-9A1E7A4F7556}") = "Dima.Core", "Dima.Core\Dima.Core.csproj", "{5936FAD2-01E5-46DB-9238-A165EED3F38C}"
EndProject
Project("{9A19103F-16F7-4668-BE54-9A1E7A4F7556}") = "Dima.Api", "Dima.Api\Dima.Api.csproj", "{61BF133C-9557-4FBB-9310-B1FC70159712}"
EndProject
Project("{9A19103F-16F7-4668-BE54-9A1E7A4F7556}") = "Dima.Web", "Dima.Web\Dima.Web.csproj", "{3626191C-4F69-4D6C-B9EA-AC56E62A129F}"
EndProject
Global
	GlobalSection(SolutionConfigurationPlatforms) = preSolution
		Debug|Any CPU = Debug|Any CPU
		Release|Any CPU = Release|Any CPU
	EndGlobalSection
	GlobalSection(ProjectConfigurationPlatforms) = postSolution
		{5936FAD2-01E5-46DB-9238-A165EED3F38C}.Debug|Any CPU.ActiveCfg = Debug|Any CPU
		{5936FAD2-01E5-46DB-9238-A165EED3F38C}.Debug|Any CPU.Build.0 = Debug|Any CPU
		{5936FAD2-01E5-46DB-9238-A165EED3F38C}.Release|Any CPU.ActiveCfg = Release|Any CPU
		{5936FAD2-01E5-46DB-9238-A165EED3F38C}.Release|Any CPU.Build.0 = Release|Any CPU
		{61BF133C-9557-4FBB-9310-B1FC70159712}.Debug|Any CPU.ActiveCfg = Debug|Any CPU
		{61BF133C-9557-4FBB-9310-B1FC70159712}.Debug|Any CPU.Build.0 = Debug|Any CPU
		{61BF133C-9557-4FBB-9310-B1FC70159712}.Release|Any CPU.ActiveCfg = Release|Any CPU
		{61BF133C-9557-4FBB-9310-B1FC70159712}.Release|Any CPU.Build.0 = Release|Any CPU
		{3626191C-4F69-4D6C-B9EA-AC56E62A129F}.Debug|Any CPU.ActiveCfg = Debug|Any CPU
		{3626191C-4F69-4D6C-B9EA-AC56E62A129F}.Debug|Any CPU.Build.0 = Debug|Any CPU
		{3626191C-4F69-4D6C-B9EA-AC56E62A129F}.Release|Any CPU.ActiveCfg = Release|Any CPU
		{3626191C-4F69-4D6C-B9EA-AC56E62A129F}.Release|Any CPU.Build.0 = Release|Any CPU
	EndGlobalSection
	GlobalSection(SolutionProperties) = preSolution
		HideSolutionNode = FALSE
	EndGlobalSection
	GlobalSection(ExtensibilityGlobals) = postSolution
		SolutionGuid = {BFEC4909-371A-489B-B793-300C81787DD5}
	EndGlobalSection
EndGlobal
